
Microsoft Visual Studio Solution File, Format Version 12.00
# Visual Studio Version 17
VisualStudioVersion = 17.8.34511.84
MinimumVisualStudioVersion = 10.0.40219.1
Project("{888888A0-9F3D-457C-B088-3A5042F75D52}") = "sea_level_predictor", "sea_level_predictor\sea_level_predictor.pyproj", "{27C71D25-00BD-4677-A4B9-0076FE051C01}"
EndProject
Global
	GlobalSection(SolutionConfigurationPlatforms) = preSolution
		Debug|Any CPU = Debug|Any CPU
		Release|Any CPU = Release|Any CPU
	EndGlobalSection
	GlobalSection(ProjectConfigurationPlatforms) = postSolution
		{27C71D25-00BD-4677-A4B9-0076FE051C01}.Debug|Any CPU.ActiveCfg = Debug|Any CPU
		{27C71D25-00BD-4677-A4B9-0076FE051C01}.Release|Any CPU.ActiveCfg = Release|Any CPU
	EndGlobalSection
	GlobalSection(SolutionProperties) = preSolution
		HideSolutionNode = FALSE
	EndGlobalSection
	GlobalSection(ExtensibilityGlobals) = postSolution
		SolutionGuid = {A6F566EB-1ACB-4A3C-8E0F-4553AB392FAE}
	EndGlobalSection
EndGlobal
